
Microsoft Visual Studio Solution File, Format Version 12.00
Project("{FAE04EC0-301F-11D3-BF4B-00C04F79EFBC}") = "FalloutHacking", "FalloutHacking\FalloutHacking.csproj", "{2BC14647-2F44-4253-B979-24FCEA7FDD49}"
EndProject
Project("{FAE04EC0-301F-11D3-BF4B-00C04F79EFBC}") = "common", "..\csapi\common\common.csproj", "{84A58631-C5C4-4EEB-86CD-B550E974BF30}"
EndProject
Project("{FAE04EC0-301F-11D3-BF4B-00C04F79EFBC}") = "textUI", "..\csapi\textUI\textUI.csproj", "{6F1B6A98-7B22-4703-A02F-A43401123FFE}"
EndProject
Project("{FAE04EC0-301F-11D3-BF4B-00C04F79EFBC}") = "ESim", "ESim\ESim.csproj", "{A7467151-75C2-4F85-B415-DC1FFA5B4AF2}"
EndProject
Project("{FAE04EC0-301F-11D3-BF4B-00C04F79EFBC}") = "gamelib", "..\csapi\gamelib\gamelib.csproj", "{A2A1E448-3D8D-44F0-BA53-52C05C692D0F}"
EndProject
Project("{FAE04EC0-301F-11D3-BF4B-00C04F79EFBC}") = "FalloutHacking.SFML", "FalloutHacking.SFML\FalloutHacking.SFML.csproj", "{F91816B3-93C7-4C57-800E-C0A024341949}"
EndProject
Project("{2150E333-8FDC-42A3-9474-1A3956D46DE8}") = "libs", "libs", "{E713DD57-A707-45A3-BAF9-78A5E17CBA8F}"
EndProject
Project("{2150E333-8FDC-42A3-9474-1A3956D46DE8}") = "FalloutHacking", "FalloutHacking", "{F2C7CAE9-8A56-48B3-9D7A-4F9590343521}"
EndProject
Global
	GlobalSection(SolutionConfigurationPlatforms) = preSolution
		Debug|Any CPU = Debug|Any CPU
		Release|Any CPU = Release|Any CPU
	EndGlobalSection
	GlobalSection(ProjectConfigurationPlatforms) = postSolution
		{2BC14647-2F44-4253-B979-24FCEA7FDD49}.Debug|Any CPU.ActiveCfg = Debug|Any CPU
		{2BC14647-2F44-4253-B979-24FCEA7FDD49}.Debug|Any CPU.Build.0 = Debug|Any CPU
		{2BC14647-2F44-4253-B979-24FCEA7FDD49}.Release|Any CPU.ActiveCfg = Release|Any CPU
		{2BC14647-2F44-4253-B979-24FCEA7FDD49}.Release|Any CPU.Build.0 = Release|Any CPU
		{84A58631-C5C4-4EEB-86CD-B550E974BF30}.Debug|Any CPU.ActiveCfg = Debug|Any CPU
		{84A58631-C5C4-4EEB-86CD-B550E974BF30}.Debug|Any CPU.Build.0 = Debug|Any CPU
		{84A58631-C5C4-4EEB-86CD-B550E974BF30}.Release|Any CPU.ActiveCfg = Release|Any CPU
		{84A58631-C5C4-4EEB-86CD-B550E974BF30}.Release|Any CPU.Build.0 = Release|Any CPU
		{6F1B6A98-7B22-4703-A02F-A43401123FFE}.Debug|Any CPU.ActiveCfg = Debug|Any CPU
		{6F1B6A98-7B22-4703-A02F-A43401123FFE}.Debug|Any CPU.Build.0 = Debug|Any CPU
		{6F1B6A98-7B22-4703-A02F-A43401123FFE}.Release|Any CPU.ActiveCfg = Release|Any CPU
		{6F1B6A98-7B22-4703-A02F-A43401123FFE}.Release|Any CPU.Build.0 = Release|Any CPU
		{A7467151-75C2-4F85-B415-DC1FFA5B4AF2}.Debug|Any CPU.ActiveCfg = Debug|Any CPU
		{A7467151-75C2-4F85-B415-DC1FFA5B4AF2}.Debug|Any CPU.Build.0 = Debug|Any CPU
		{A7467151-75C2-4F85-B415-DC1FFA5B4AF2}.Release|Any CPU.ActiveCfg = Release|Any CPU
		{A7467151-75C2-4F85-B415-DC1FFA5B4AF2}.Release|Any CPU.Build.0 = Release|Any CPU
		{A2A1E448-3D8D-44F0-BA53-52C05C692D0F}.Debug|Any CPU.ActiveCfg = Debug|Any CPU
		{A2A1E448-3D8D-44F0-BA53-52C05C692D0F}.Debug|Any CPU.Build.0 = Debug|Any CPU
		{A2A1E448-3D8D-44F0-BA53-52C05C692D0F}.Release|Any CPU.ActiveCfg = Release|Any CPU
		{A2A1E448-3D8D-44F0-BA53-52C05C692D0F}.Release|Any CPU.Build.0 = Release|Any CPU
		{F91816B3-93C7-4C57-800E-C0A024341949}.Debug|Any CPU.ActiveCfg = Debug|Any CPU
		{F91816B3-93C7-4C57-800E-C0A024341949}.Debug|Any CPU.Build.0 = Debug|Any CPU
		{F91816B3-93C7-4C57-800E-C0A024341949}.Release|Any CPU.ActiveCfg = Release|Any CPU
		{F91816B3-93C7-4C57-800E-C0A024341949}.Release|Any CPU.Build.0 = Release|Any CPU
	EndGlobalSection
	GlobalSection(NestedProjects) = preSolution
		{84A58631-C5C4-4EEB-86CD-B550E974BF30} = {E713DD57-A707-45A3-BAF9-78A5E17CBA8F}
		{A2A1E448-3D8D-44F0-BA53-52C05C692D0F} = {E713DD57-A707-45A3-BAF9-78A5E17CBA8F}
		{6F1B6A98-7B22-4703-A02F-A43401123FFE} = {E713DD57-A707-45A3-BAF9-78A5E17CBA8F}
		{2BC14647-2F44-4253-B979-24FCEA7FDD49} = {F2C7CAE9-8A56-48B3-9D7A-4F9590343521}
		{F91816B3-93C7-4C57-800E-C0A024341949} = {F2C7CAE9-8A56-48B3-9D7A-4F9590343521}
	EndGlobalSection
EndGlobal
