
Microsoft Visual Studio Solution File, Format Version 12.00
Project("{FAE04EC0-301F-11D3-BF4B-00C04F79EFBC}") = "FalloutHacking", "FalloutHacking\FalloutHacking.csproj", "{2BC14647-2F44-4253-B979-24FCEA7FDD49}"
EndProject
Project("{FAE04EC0-301F-11D3-BF4B-00C04F79EFBC}") = "common", "..\csapi\common\common.csproj", "{84A58631-C5C4-4EEB-86CD-B550E974BF30}"
EndProject
Project("{FAE04EC0-301F-11D3-BF4B-00C04F79EFBC}") = "textUI", "..\csapi\textUI\textUI.csproj", "{6F1B6A98-7B22-4703-A02F-A43401123FFE}"
EndProject
Project("{FAE04EC0-301F-11D3-BF4B-00C04F79EFBC}") = "ESim", "ESim\ESim.csproj", "{A7467151-75C2-4F85-B415-DC1FFA5B4AF2}"
EndProject
Global
	GlobalSection(SolutionConfigurationPlatforms) = preSolution
		Debug|Any CPU = Debug|Any CPU
		Release|Any CPU = Release|Any CPU
	EndGlobalSection
	GlobalSection(ProjectConfigurationPlatforms) = postSolution
		{2BC14647-2F44-4253-B979-24FCEA7FDD49}.Debug|Any CPU.ActiveCfg = Debug|Any CPU
		{2BC14647-2F44-4253-B979-24FCEA7FDD49}.Debug|Any CPU.Build.0 = Debug|Any CPU
		{2BC14647-2F44-4253-B979-24FCEA7FDD49}.Release|Any CPU.ActiveCfg = Release|Any CPU
		{2BC14647-2F44-4253-B979-24FCEA7FDD49}.Release|Any CPU.Build.0 = Release|Any CPU
		{84A58631-C5C4-4EEB-86CD-B550E974BF30}.Debug|Any CPU.ActiveCfg = Debug|Any CPU
		{84A58631-C5C4-4EEB-86CD-B550E974BF30}.Debug|Any CPU.Build.0 = Debug|Any CPU
		{84A58631-C5C4-4EEB-86CD-B550E974BF30}.Release|Any CPU.ActiveCfg = Release|Any CPU
		{84A58631-C5C4-4EEB-86CD-B550E974BF30}.Release|Any CPU.Build.0 = Release|Any CPU
		{6F1B6A98-7B22-4703-A02F-A43401123FFE}.Debug|Any CPU.ActiveCfg = Debug|Any CPU
		{6F1B6A98-7B22-4703-A02F-A43401123FFE}.Debug|Any CPU.Build.0 = Debug|Any CPU
		{6F1B6A98-7B22-4703-A02F-A43401123FFE}.Release|Any CPU.ActiveCfg = Release|Any CPU
		{6F1B6A98-7B22-4703-A02F-A43401123FFE}.Release|Any CPU.Build.0 = Release|Any CPU
		{A7467151-75C2-4F85-B415-DC1FFA5B4AF2}.Debug|Any CPU.ActiveCfg = Debug|Any CPU
		{A7467151-75C2-4F85-B415-DC1FFA5B4AF2}.Debug|Any CPU.Build.0 = Debug|Any CPU
		{A7467151-75C2-4F85-B415-DC1FFA5B4AF2}.Release|Any CPU.ActiveCfg = Release|Any CPU
		{A7467151-75C2-4F85-B415-DC1FFA5B4AF2}.Release|Any CPU.Build.0 = Release|Any CPU
	EndGlobalSection
EndGlobal
